{
    "version": 3,
    "terraform_version": "0.11.11",
    "serial": 14,
    "lineage": "483e3f6e-32d0-d1a6-f65b-549678b0e420",
    "modules": [
        {
            "path": [
                "root"
            ],
            "outputs": {},
            "resources": {
                "aws_instance.firstec2": {
                    "type": "aws_instance",
                    "depends_on": [
                        "aws_key_pair.demokey",
                        "aws_security_group.allow-ssh",
                        "aws_subnet.main-public-2"
                    ],
                    "primary": {
                        "id": "i-08e98e200aae19893",
                        "attributes": {
                            "ami": "ami-0f9cf087c1f27d9b1",
                            "arn": "arn:aws:ec2:us-east-1:220425157014:instance/i-08e98e200aae19893",
                            "associate_public_ip_address": "true",
                            "availability_zone": "us-east-1b",
                            "cpu_core_count": "1",
                            "cpu_threads_per_core": "1",
                            "credit_specification.#": "1",
                            "credit_specification.0.cpu_credits": "standard",
                            "disable_api_termination": "false",
                            "ebs_block_device.#": "0",
                            "ebs_optimized": "false",
                            "ephemeral_block_device.#": "0",
                            "get_password_data": "false",
                            "iam_instance_profile": "",
                            "id": "i-08e98e200aae19893",
                            "instance_state": "running",
                            "instance_type": "t2.micro",
                            "ipv6_addresses.#": "0",
                            "key_name": "my-demokey",
                            "monitoring": "false",
                            "network_interface.#": "0",
                            "network_interface_id": "eni-07da8b07693c16c0f",
                            "password_data": "",
                            "placement_group": "",
                            "primary_network_interface_id": "eni-07da8b07693c16c0f",
                            "private_dns": "ip-10-0-2-247.ec2.internal",
                            "private_ip": "10.0.2.247",
                            "public_dns": "ec2-54-208-188-105.compute-1.amazonaws.com",
                            "public_ip": "54.208.188.105",
                            "root_block_device.#": "1",
                            "root_block_device.0.delete_on_termination": "true",
                            "root_block_device.0.iops": "100",
                            "root_block_device.0.volume_id": "vol-0a620aa99570e75cf",
                            "root_block_device.0.volume_size": "8",
                            "root_block_device.0.volume_type": "gp2",
                            "security_groups.#": "0",
                            "source_dest_check": "true",
                            "subnet_id": "subnet-072fd145349cfadd9",
                            "tags.%": "1",
                            "tags.Name": "firstec2",
                            "tenancy": "default",
                            "volume_tags.%": "0",
                            "vpc_security_group_ids.#": "1",
                            "vpc_security_group_ids.1842090638": "sg-0d8899785731fd51d"
                        },
                        "meta": {
                            "e2bfb730-ecaa-11e6-8f88-34363bc7c4c0": {
                                "create": 600000000000,
                                "delete": 1200000000000,
                                "update": 600000000000
                            },
                            "schema_version": "1"
                        },
                        "tainted": false
                    },
                    "deposed": [],
                    "provider": "provider.aws"
                },
                "aws_internet_gateway.main-gw": {
                    "type": "aws_internet_gateway",
                    "depends_on": [
                        "aws_vpc.main"
                    ],
                    "primary": {
                        "id": "igw-0231d780836429667",
                        "attributes": {
                            "id": "igw-0231d780836429667",
                            "owner_id": "220425157014",
                            "tags.%": "1",
                            "tags.Name": "main",
                            "vpc_id": "vpc-09be5b94e895d158e"
                        },
                        "meta": {},
                        "tainted": false
                    },
                    "deposed": [],
                    "provider": "provider.aws"
                },
                "aws_key_pair.demokey": {
                    "type": "aws_key_pair",
                    "depends_on": [],
                    "primary": {
                        "id": "my-demokey",
                        "attributes": {
                            "fingerprint": "f8:32:77:63:63:a5:b5:01:58:e2:55:71:e9:c4:c1:9a",
                            "id": "my-demokey",
                            "key_name": "my-demokey",
                            "public_key": "ssh-rsa AAAAB3NzaC1yc2EAAAADAQABAAABAQDQUBrzUA/KqSA+M5k/oYLaR24EvK9u1Vcw2PpFDEFpjg58yOywcsrls0iAsiqeBGOk+2cMitoIb5XgJ/DgQ/ExkJ63kFZMjV/ZAzr2rDd53PQ6VqqeN3Cv+eBU2u3f6tUxnr3XhRY/SC5EJ26fAllLzslHF6Xon5v9frehZ7eKOc7wKxABV3SK9QTrfZqRUx52wTJXhnUsPtDkaQJWaiKF+X0hc4pLfKOyk+xy/FfNQXZXzcOV/tU9G2x8x9rxr4kfruHWhC53/MCPnnvIBccA357d/PQKpvIfvgK8UmUY4KA0tVJU94f1gbI0E5LRnweVBGVwgSYc3x9ncA6CgEhj root@acs"
                        },
                        "meta": {
                            "schema_version": "1"
                        },
                        "tainted": false
                    },
                    "deposed": [],
                    "provider": "provider.aws"
                },
                "aws_route_table.main-public": {
                    "type": "aws_route_table",
                    "depends_on": [
                        "aws_internet_gateway.main-gw",
                        "aws_vpc.main"
                    ],
                    "primary": {
                        "id": "rtb-053cd64bd4ff6d641",
                        "attributes": {
                            "id": "rtb-053cd64bd4ff6d641",
                            "owner_id": "220425157014",
                            "propagating_vgws.#": "0",
                            "route.#": "1",
                            "route.210043547.cidr_block": "0.0.0.0/0",
                            "route.210043547.egress_only_gateway_id": "",
                            "route.210043547.gateway_id": "igw-0231d780836429667",
                            "route.210043547.instance_id": "",
                            "route.210043547.ipv6_cidr_block": "",
                            "route.210043547.nat_gateway_id": "",
                            "route.210043547.network_interface_id": "",
                            "route.210043547.transit_gateway_id": "",
                            "route.210043547.vpc_peering_connection_id": "",
                            "tags.%": "1",
                            "tags.Name": "main-public-1",
                            "vpc_id": "vpc-09be5b94e895d158e"
                        },
                        "meta": {},
                        "tainted": false
                    },
                    "deposed": [],
                    "provider": "provider.aws"
                },
                "aws_route_table_association.main-public-1-a": {
                    "type": "aws_route_table_association",
                    "depends_on": [
                        "aws_route_table.main-public",
                        "aws_subnet.main-public-1"
                    ],
                    "primary": {
                        "id": "rtbassoc-095aacb80e3276ebf",
                        "attributes": {
                            "id": "rtbassoc-095aacb80e3276ebf",
                            "route_table_id": "rtb-053cd64bd4ff6d641",
                            "subnet_id": "subnet-0320f87eae8c261a0"
                        },
                        "meta": {},
                        "tainted": false
                    },
                    "deposed": [],
                    "provider": "provider.aws"
                },
                "aws_route_table_association.main-public-1-b": {
                    "type": "aws_route_table_association",
                    "depends_on": [
                        "aws_route_table.main-public",
                        "aws_subnet.main-public-2"
                    ],
                    "primary": {
                        "id": "rtbassoc-08ea42e9118f3030f",
                        "attributes": {
                            "id": "rtbassoc-08ea42e9118f3030f",
                            "route_table_id": "rtb-053cd64bd4ff6d641",
                            "subnet_id": "subnet-072fd145349cfadd9"
                        },
                        "meta": {},
                        "tainted": false
                    },
                    "deposed": [],
                    "provider": "provider.aws"
                },
                "aws_route_table_association.main-public-1-c": {
                    "type": "aws_route_table_association",
                    "depends_on": [
                        "aws_route_table.main-public",
                        "aws_subnet.main-public-3"
                    ],
                    "primary": {
                        "id": "rtbassoc-0359cf4fe1d12f9f3",
                        "attributes": {
                            "id": "rtbassoc-0359cf4fe1d12f9f3",
                            "route_table_id": "rtb-053cd64bd4ff6d641",
                            "subnet_id": "subnet-0df6d4871c3e4f500"
                        },
                        "meta": {},
                        "tainted": false
                    },
                    "deposed": [],
                    "provider": "provider.aws"
                },
                "aws_security_group.allow-ssh": {
                    "type": "aws_security_group",
                    "depends_on": [
                        "aws_vpc.main"
                    ],
                    "primary": {
                        "id": "sg-0d8899785731fd51d",
                        "attributes": {
                            "arn": "arn:aws:ec2:us-east-1:220425157014:security-group/sg-0d8899785731fd51d",
                            "description": "security group that allows ssh and all egress traffic",
                            "egress.#": "1",
                            "egress.482069346.cidr_blocks.#": "1",
                            "egress.482069346.cidr_blocks.0": "0.0.0.0/0",
                            "egress.482069346.description": "",
                            "egress.482069346.from_port": "0",
                            "egress.482069346.ipv6_cidr_blocks.#": "0",
                            "egress.482069346.prefix_list_ids.#": "0",
                            "egress.482069346.protocol": "-1",
                            "egress.482069346.security_groups.#": "0",
                            "egress.482069346.self": "false",
                            "egress.482069346.to_port": "0",
                            "id": "sg-0d8899785731fd51d",
                            "ingress.#": "1",
                            "ingress.2541437006.cidr_blocks.#": "1",
                            "ingress.2541437006.cidr_blocks.0": "0.0.0.0/0",
                            "ingress.2541437006.description": "",
                            "ingress.2541437006.from_port": "22",
                            "ingress.2541437006.ipv6_cidr_blocks.#": "0",
                            "ingress.2541437006.prefix_list_ids.#": "0",
                            "ingress.2541437006.protocol": "tcp",
                            "ingress.2541437006.security_groups.#": "0",
                            "ingress.2541437006.self": "false",
                            "ingress.2541437006.to_port": "22",
                            "name": "allow-ssh",
                            "owner_id": "220425157014",
                            "revoke_rules_on_delete": "false",
                            "tags.%": "1",
                            "tags.Name": "allow-ssh",
                            "vpc_id": "vpc-09be5b94e895d158e"
                        },
                        "meta": {
                            "e2bfb730-ecaa-11e6-8f88-34363bc7c4c0": {
                                "create": 600000000000,
                                "delete": 600000000000
                            },
                            "schema_version": "1"
                        },
                        "tainted": false
                    },
                    "deposed": [],
                    "provider": "provider.aws"
                },
                "aws_subnet.main-private-1": {
                    "type": "aws_subnet",
                    "depends_on": [
                        "aws_vpc.main"
                    ],
                    "primary": {
                        "id": "subnet-0fad974d46c78b42b",
                        "attributes": {
                            "arn": "arn:aws:ec2:us-east-1:220425157014:subnet/subnet-0fad974d46c78b42b",
                            "assign_ipv6_address_on_creation": "false",
                            "availability_zone": "us-east-1a",
                            "availability_zone_id": "use1-az6",
                            "cidr_block": "10.0.4.0/24",
                            "id": "subnet-0fad974d46c78b42b",
                            "ipv6_cidr_block": "",
                            "ipv6_cidr_block_association_id": "",
                            "map_public_ip_on_launch": "false",
                            "owner_id": "220425157014",
                            "tags.%": "1",
                            "tags.Name": "main-private-1",
                            "vpc_id": "vpc-09be5b94e895d158e"
                        },
                        "meta": {
                            "e2bfb730-ecaa-11e6-8f88-34363bc7c4c0": {
                                "create": 600000000000,
                                "delete": 600000000000
                            },
                            "schema_version": "1"
                        },
                        "tainted": false
                    },
                    "deposed": [],
                    "provider": "provider.aws"
                },
                "aws_subnet.main-private-2": {
                    "type": "aws_subnet",
                    "depends_on": [
                        "aws_vpc.main"
                    ],
                    "primary": {
                        "id": "subnet-0d9ebed1d2952093b",
                        "attributes": {
                            "arn": "arn:aws:ec2:us-east-1:220425157014:subnet/subnet-0d9ebed1d2952093b",
                            "assign_ipv6_address_on_creation": "false",
                            "availability_zone": "us-east-1b",
                            "availability_zone_id": "use1-az1",
                            "cidr_block": "10.0.5.0/24",
                            "id": "subnet-0d9ebed1d2952093b",
                            "ipv6_cidr_block": "",
                            "ipv6_cidr_block_association_id": "",
                            "map_public_ip_on_launch": "false",
                            "owner_id": "220425157014",
                            "tags.%": "1",
                            "tags.Name": "main-private-2",
                            "vpc_id": "vpc-09be5b94e895d158e"
                        },
                        "meta": {
                            "e2bfb730-ecaa-11e6-8f88-34363bc7c4c0": {
                                "create": 600000000000,
                                "delete": 600000000000
                            },
                            "schema_version": "1"
                        },
                        "tainted": false
                    },
                    "deposed": [],
                    "provider": "provider.aws"
                },
                "aws_subnet.main-private-3": {
                    "type": "aws_subnet",
                    "depends_on": [
                        "aws_vpc.main"
                    ],
                    "primary": {
                        "id": "subnet-0760f046e23cc22c7",
                        "attributes": {
                            "arn": "arn:aws:ec2:us-east-1:220425157014:subnet/subnet-0760f046e23cc22c7",
                            "assign_ipv6_address_on_creation": "false",
                            "availability_zone": "us-east-1c",
                            "availability_zone_id": "use1-az2",
                            "cidr_block": "10.0.6.0/24",
                            "id": "subnet-0760f046e23cc22c7",
                            "ipv6_cidr_block": "",
                            "ipv6_cidr_block_association_id": "",
                            "map_public_ip_on_launch": "false",
                            "owner_id": "220425157014",
                            "tags.%": "1",
                            "tags.Name": "main-private-3",
                            "vpc_id": "vpc-09be5b94e895d158e"
                        },
                        "meta": {
                            "e2bfb730-ecaa-11e6-8f88-34363bc7c4c0": {
                                "create": 600000000000,
                                "delete": 600000000000
                            },
                            "schema_version": "1"
                        },
                        "tainted": false
                    },
                    "deposed": [],
                    "provider": "provider.aws"
                },
                "aws_subnet.main-public-1": {
                    "type": "aws_subnet",
                    "depends_on": [
                        "aws_vpc.main"
                    ],
                    "primary": {
                        "id": "subnet-0320f87eae8c261a0",
                        "attributes": {
                            "arn": "arn:aws:ec2:us-east-1:220425157014:subnet/subnet-0320f87eae8c261a0",
                            "assign_ipv6_address_on_creation": "false",
                            "availability_zone": "us-east-1a",
                            "availability_zone_id": "use1-az6",
                            "cidr_block": "10.0.1.0/24",
                            "id": "subnet-0320f87eae8c261a0",
                            "ipv6_cidr_block": "",
                            "ipv6_cidr_block_association_id": "",
                            "map_public_ip_on_launch": "true",
                            "owner_id": "220425157014",
                            "tags.%": "1",
                            "tags.Name": "main-public-1",
                            "vpc_id": "vpc-09be5b94e895d158e"
                        },
                        "meta": {
                            "e2bfb730-ecaa-11e6-8f88-34363bc7c4c0": {
                                "create": 600000000000,
                                "delete": 600000000000
                            },
                            "schema_version": "1"
                        },
                        "tainted": false
                    },
                    "deposed": [],
                    "provider": "provider.aws"
                },
                "aws_subnet.main-public-2": {
                    "type": "aws_subnet",
                    "depends_on": [
                        "aws_vpc.main"
                    ],
                    "primary": {
                        "id": "subnet-072fd145349cfadd9",
                        "attributes": {
                            "arn": "arn:aws:ec2:us-east-1:220425157014:subnet/subnet-072fd145349cfadd9",
                            "assign_ipv6_address_on_creation": "false",
                            "availability_zone": "us-east-1b",
                            "availability_zone_id": "use1-az1",
                            "cidr_block": "10.0.2.0/24",
                            "id": "subnet-072fd145349cfadd9",
                            "ipv6_cidr_block": "",
                            "ipv6_cidr_block_association_id": "",
                            "map_public_ip_on_launch": "true",
                            "owner_id": "220425157014",
                            "tags.%": "1",
                            "tags.Name": "main-public-2",
                            "vpc_id": "vpc-09be5b94e895d158e"
                        },
                        "meta": {
                            "e2bfb730-ecaa-11e6-8f88-34363bc7c4c0": {
                                "create": 600000000000,
                                "delete": 600000000000
                            },
                            "schema_version": "1"
                        },
                        "tainted": false
                    },
                    "deposed": [],
                    "provider": "provider.aws"
                },
                "aws_subnet.main-public-3": {
                    "type": "aws_subnet",
                    "depends_on": [
                        "aws_vpc.main"
                    ],
                    "primary": {
                        "id": "subnet-0df6d4871c3e4f500",
                        "attributes": {
                            "arn": "arn:aws:ec2:us-east-1:220425157014:subnet/subnet-0df6d4871c3e4f500",
                            "assign_ipv6_address_on_creation": "false",
                            "availability_zone": "us-east-1c",
                            "availability_zone_id": "use1-az2",
                            "cidr_block": "10.0.3.0/24",
                            "id": "subnet-0df6d4871c3e4f500",
                            "ipv6_cidr_block": "",
                            "ipv6_cidr_block_association_id": "",
                            "map_public_ip_on_launch": "true",
                            "owner_id": "220425157014",
                            "tags.%": "1",
                            "tags.Name": "main-public-3",
                            "vpc_id": "vpc-09be5b94e895d158e"
                        },
                        "meta": {
                            "e2bfb730-ecaa-11e6-8f88-34363bc7c4c0": {
                                "create": 600000000000,
                                "delete": 600000000000
                            },
                            "schema_version": "1"
                        },
                        "tainted": false
                    },
                    "deposed": [],
                    "provider": "provider.aws"
                },
                "aws_vpc.main": {
                    "type": "aws_vpc",
                    "depends_on": [],
                    "primary": {
                        "id": "vpc-09be5b94e895d158e",
                        "attributes": {
                            "arn": "arn:aws:ec2:us-east-1:220425157014:vpc/vpc-09be5b94e895d158e",
                            "assign_generated_ipv6_cidr_block": "false",
                            "cidr_block": "10.0.0.0/16",
                            "default_network_acl_id": "acl-021b88d2337dbd301",
                            "default_route_table_id": "rtb-00f1e8afc20d328ea",
                            "default_security_group_id": "sg-0a6b6d0f74343b01d",
                            "dhcp_options_id": "dopt-b9415cdb",
                            "enable_classiclink": "false",
                            "enable_classiclink_dns_support": "false",
                            "enable_dns_hostnames": "true",
                            "enable_dns_support": "true",
                            "id": "vpc-09be5b94e895d158e",
                            "instance_tenancy": "default",
                            "ipv6_association_id": "",
                            "ipv6_cidr_block": "",
                            "main_route_table_id": "rtb-00f1e8afc20d328ea",
                            "owner_id": "220425157014",
                            "tags.%": "1",
                            "tags.Name": "main"
                        },
                        "meta": {
                            "schema_version": "1"
                        },
                        "tainted": false
                    },
                    "deposed": [],
                    "provider": "provider.aws"
                }
            },
            "depends_on": []
        }
    ]
}
